
Microsoft Visual Studio Solution File, Format Version 12.00
# Visual Studio Version 17
VisualStudioVersion = 17.4.33213.308
MinimumVisualStudioVersion = 10.0.40219.1
Project("{2150E333-8FDC-42A3-9474-1A3956D46DE8}") = "src", "src", "{3DF2B6E5-36DA-4EDA-9D33-6C8FD92CADFA}"
EndProject
Project("{2150E333-8FDC-42A3-9474-1A3956D46DE8}") = "micro", "micro", "{9E469542-F321-4288-A045-F20EE7ED7AB3}"
EndProject
Project("{FAE04EC0-301F-11D3-BF4B-00C04F79EFBC}") = "Cloud.Metriks.Api", "Cloud.Metriks.Api\Cloud.Metriks.Api.csproj", "{D55A263B-58A4-462A-98B4-F9DF001F7246}"
EndProject
Global
	GlobalSection(SolutionConfigurationPlatforms) = preSolution
		Debug|Any CPU = Debug|Any CPU
		Release|Any CPU = Release|Any CPU
	EndGlobalSection
	GlobalSection(ProjectConfigurationPlatforms) = postSolution
		{D55A263B-58A4-462A-98B4-F9DF001F7246}.Debug|Any CPU.ActiveCfg = Debug|Any CPU
		{D55A263B-58A4-462A-98B4-F9DF001F7246}.Debug|Any CPU.Build.0 = Debug|Any CPU
		{D55A263B-58A4-462A-98B4-F9DF001F7246}.Release|Any CPU.ActiveCfg = Release|Any CPU
		{D55A263B-58A4-462A-98B4-F9DF001F7246}.Release|Any CPU.Build.0 = Release|Any CPU
	EndGlobalSection
	GlobalSection(SolutionProperties) = preSolution
		HideSolutionNode = FALSE
	EndGlobalSection
	GlobalSection(NestedProjects) = preSolution
		{9E469542-F321-4288-A045-F20EE7ED7AB3} = {3DF2B6E5-36DA-4EDA-9D33-6C8FD92CADFA}
		{D55A263B-58A4-462A-98B4-F9DF001F7246} = {9E469542-F321-4288-A045-F20EE7ED7AB3}
	EndGlobalSection
	GlobalSection(ExtensibilityGlobals) = postSolution
		SolutionGuid = {007054B0-1CD2-4662-8A1D-E3377E74F07E}
	EndGlobalSection
EndGlobal
